{
  "version": 4,
  "terraform_version": "1.3.3",
  "serial": 24,
  "lineage": "74120668-17b8-56a4-557e-ef4801156b2d",
  "outputs": {},
  "resources": [
    {
      "mode": "managed",
      "type": "azurerm_resource_group",
      "name": "dev",
      "provider": "provider[\"registry.terraform.io/hashicorp/azurerm\"]",
      "instances": [
        {
          "schema_version": 0,
          "attributes": {
            "id": "/subscriptions/66bab58f-9413-4eeb-a403-1871aa547195/resourceGroups/dev-pleasantly-quietly-popular-katydid",
            "location": "eastus2",
            "name": "dev-pleasantly-quietly-popular-katydid",
            "tags": {},
            "timeouts": null
          },
          "sensitive_attributes": [],
          "private": "eyJlMmJmYjczMC1lY2FhLTExZTYtOGY4OC0zNDM2M2JjN2M0YzAiOnsiY3JlYXRlIjo1NDAwMDAwMDAwMDAwLCJkZWxldGUiOjU0MDAwMDAwMDAwMDAsInJlYWQiOjMwMDAwMDAwMDAwMCwidXBkYXRlIjo1NDAwMDAwMDAwMDAwfX0=",
          "dependencies": [
            "random_pet.petname"
          ]
        }
      ]
    },
    {
      "mode": "managed",
      "type": "azurerm_storage_account",
      "name": "dev",
      "provider": "provider[\"registry.terraform.io/hashicorp/azurerm\"]",
      "instances": [
        {
          "schema_version": 3,
          "attributes": {
            "access_tier": "Hot",
            "account_kind": "StorageV2",
            "account_replication_type": "LRS",
            "account_tier": "Standard",
            "allow_nested_items_to_be_public": true,
            "azure_files_authentication": [],
            "blob_properties": [
              {
                "change_feed_enabled": false,
                "container_delete_retention_policy": [],
                "cors_rule": [],
                "default_service_version": "",
                "delete_retention_policy": [],
                "last_access_time_enabled": false,
                "versioning_enabled": false
              }
            ],
            "custom_domain": [],
            "customer_managed_key": [],
            "edge_zone": "",
            "enable_https_traffic_only": true,
            "id": "/subscriptions/66bab58f-9413-4eeb-a403-1871aa547195/resourceGroups/dev-pleasantly-quietly-popular-katydid/providers/Microsoft.Storage/storageAccounts/devexamplestorage",
            "identity": [],
            "infrastructure_encryption_enabled": false,
            "is_hns_enabled": false,
            "large_file_share_enabled": null,
            "location": "eastus2",
            "min_tls_version": "TLS1_2",
            "name": "devexamplestorage",
            "network_rules": [
              {
                "bypass": [
                  "AzureServices"
                ],
                "default_action": "Allow",
                "ip_rules": [],
                "private_link_access": [],
                "virtual_network_subnet_ids": []
              }
            ],
            "nfsv3_enabled": false,
            "primary_access_key": "/O8lG4Veo3hO4wX2VgjrysvhsTsc8uRHuNeLQGMsk11vkjFdp4TJsAqzcDqMFacQKiNR5SCdhOaL+AStHX78zA==",
            "primary_blob_connection_string": "DefaultEndpointsProtocol=https;BlobEndpoint=https://devexamplestorage.blob.core.windows.net/;AccountName=devexamplestorage;AccountKey=/O8lG4Veo3hO4wX2VgjrysvhsTsc8uRHuNeLQGMsk11vkjFdp4TJsAqzcDqMFacQKiNR5SCdhOaL+AStHX78zA==",
            "primary_blob_endpoint": "https://devexamplestorage.blob.core.windows.net/",
            "primary_blob_host": "devexamplestorage.blob.core.windows.net",
            "primary_connection_string": "DefaultEndpointsProtocol=https;AccountName=devexamplestorage;AccountKey=/O8lG4Veo3hO4wX2VgjrysvhsTsc8uRHuNeLQGMsk11vkjFdp4TJsAqzcDqMFacQKiNR5SCdhOaL+AStHX78zA==;EndpointSuffix=core.windows.net",
            "primary_dfs_endpoint": "https://devexamplestorage.dfs.core.windows.net/",
            "primary_dfs_host": "devexamplestorage.dfs.core.windows.net",
            "primary_file_endpoint": "https://devexamplestorage.file.core.windows.net/",
            "primary_file_host": "devexamplestorage.file.core.windows.net",
            "primary_location": "eastus2",
            "primary_queue_endpoint": "https://devexamplestorage.queue.core.windows.net/",
            "primary_queue_host": "devexamplestorage.queue.core.windows.net",
            "primary_table_endpoint": "https://devexamplestorage.table.core.windows.net/",
            "primary_table_host": "devexamplestorage.table.core.windows.net",
            "primary_web_endpoint": "https://devexamplestorage.z20.web.core.windows.net/",
            "primary_web_host": "devexamplestorage.z20.web.core.windows.net",
            "queue_encryption_key_type": "Service",
            "queue_properties": [
              {
                "cors_rule": [],
                "hour_metrics": [
                  {
                    "enabled": true,
                    "include_apis": true,
                    "retention_policy_days": 7,
                    "version": "1.0"
                  }
                ],
                "logging": [
                  {
                    "delete": false,
                    "read": false,
                    "retention_policy_days": 0,
                    "version": "1.0",
                    "write": false
                  }
                ],
                "minute_metrics": [
                  {
                    "enabled": false,
                    "include_apis": false,
                    "retention_policy_days": 0,
                    "version": "1.0"
                  }
                ]
              }
            ],
            "resource_group_name": "dev-pleasantly-quietly-popular-katydid",
            "routing": [],
            "secondary_access_key": "TrGPHdhDivu8pim1KRgGh+BU9KfJIsybgA3CStVnPeu9RYZokNS4sEE0m2IfzrycXgrOtjncaacD+AStLL+6vQ==",
            "secondary_blob_connection_string": "",
            "secondary_blob_endpoint": null,
            "secondary_blob_host": null,
            "secondary_connection_string": "DefaultEndpointsProtocol=https;AccountName=devexamplestorage;AccountKey=TrGPHdhDivu8pim1KRgGh+BU9KfJIsybgA3CStVnPeu9RYZokNS4sEE0m2IfzrycXgrOtjncaacD+AStLL+6vQ==;EndpointSuffix=core.windows.net",
            "secondary_dfs_endpoint": null,
            "secondary_dfs_host": null,
            "secondary_file_endpoint": null,
            "secondary_file_host": null,
            "secondary_location": "",
            "secondary_queue_endpoint": null,
            "secondary_queue_host": null,
            "secondary_table_endpoint": null,
            "secondary_table_host": null,
            "secondary_web_endpoint": null,
            "secondary_web_host": null,
            "share_properties": [
              {
                "cors_rule": [],
                "retention_policy": [
                  {
                    "days": 7
                  }
                ],
                "smb": []
              }
            ],
            "shared_access_key_enabled": true,
            "static_website": [
              {
                "error_404_document": "",
                "index_document": "index.html"
              }
            ],
            "table_encryption_key_type": "Service",
            "tags": {},
            "timeouts": null
          },
          "sensitive_attributes": [],
          "private": "eyJlMmJmYjczMC1lY2FhLTExZTYtOGY4OC0zNDM2M2JjN2M0YzAiOnsiY3JlYXRlIjozNjAwMDAwMDAwMDAwLCJkZWxldGUiOjM2MDAwMDAwMDAwMDAsInJlYWQiOjMwMDAwMDAwMDAwMCwidXBkYXRlIjozNjAwMDAwMDAwMDAwfSwic2NoZW1hX3ZlcnNpb24iOiIzIn0=",
          "dependencies": [
            "azurerm_resource_group.dev",
            "random_pet.petname"
          ]
        }
      ]
    },
    {
      "mode": "managed",
      "type": "azurerm_storage_blob",
      "name": "dev",
      "provider": "provider[\"registry.terraform.io/hashicorp/azurerm\"]",
      "instances": [
        {
          "schema_version": 1,
          "attributes": {
            "access_tier": "Hot",
            "cache_control": "",
            "content_md5": "",
            "content_type": "text/html",
            "id": "https://devexamplestorage.blob.core.windows.net/$web/index.html",
            "metadata": {},
            "name": "index.html",
            "parallelism": 8,
            "size": 0,
            "source": "index.html",
            "source_content": null,
            "source_uri": null,
            "storage_account_name": "devexamplestorage",
            "storage_container_name": "$web",
            "timeouts": null,
            "type": "Block",
            "url": "https://devexamplestorage.blob.core.windows.net/$web/index.html"
          },
          "sensitive_attributes": [],
          "private": "eyJlMmJmYjczMC1lY2FhLTExZTYtOGY4OC0zNDM2M2JjN2M0YzAiOnsiY3JlYXRlIjoxODAwMDAwMDAwMDAwLCJkZWxldGUiOjE4MDAwMDAwMDAwMDAsInJlYWQiOjMwMDAwMDAwMDAwMCwidXBkYXRlIjoxODAwMDAwMDAwMDAwfSwic2NoZW1hX3ZlcnNpb24iOiIxIn0=",
          "dependencies": [
            "azurerm_resource_group.dev",
            "azurerm_storage_account.dev",
            "random_pet.petname"
          ]
        }
      ]
    },
    {
      "mode": "managed",
      "type": "random_pet",
      "name": "petname",
      "provider": "provider[\"registry.terraform.io/hashicorp/random\"]",
      "instances": [
        {
          "schema_version": 0,
          "attributes": {
            "id": "pleasantly-quietly-popular-katydid",
            "keepers": null,
            "length": 4,
            "prefix": null,
            "separator": "-"
          },
          "sensitive_attributes": []
        }
      ]
    }
  ],
  "check_results": []
}
